
Microsoft Visual Studio Solution File, Format Version 12.00
# Visual Studio Version 17
VisualStudioVersion = 17.2.32526.322
MinimumVisualStudioVersion = 10.0.40219.1
Project("{FAE04EC0-301F-11D3-BF4B-00C04F79EFBC}") = "BalanceSheetsApp.Web", "BalanceSheetsApp.Web\BalanceSheetsApp.Web.csproj", "{8C1A9B6E-19C6-468A-96B7-B37AF1BD73DB}"
EndProject
Project("{FAE04EC0-301F-11D3-BF4B-00C04F79EFBC}") = "BalanceSheetsApp.Core", "BalanceSheetsApp.Core\BalanceSheetsApp.Core.csproj", "{306040AE-49BC-4E2E-B620-4C4785A62929}"
EndProject
Project("{FAE04EC0-301F-11D3-BF4B-00C04F79EFBC}") = "BalanceSheets.Infrastructure", "BalanceSheets.Infrastructure\BalanceSheets.Infrastructure.csproj", "{9751C66F-F7DA-4FB4-9AE3-1930F7712C6F}"
EndProject
Global
	GlobalSection(SolutionConfigurationPlatforms) = preSolution
		Debug|Any CPU = Debug|Any CPU
		Release|Any CPU = Release|Any CPU
	EndGlobalSection
	GlobalSection(ProjectConfigurationPlatforms) = postSolution
		{8C1A9B6E-19C6-468A-96B7-B37AF1BD73DB}.Debug|Any CPU.ActiveCfg = Debug|Any CPU
		{8C1A9B6E-19C6-468A-96B7-B37AF1BD73DB}.Debug|Any CPU.Build.0 = Debug|Any CPU
		{8C1A9B6E-19C6-468A-96B7-B37AF1BD73DB}.Release|Any CPU.ActiveCfg = Release|Any CPU
		{8C1A9B6E-19C6-468A-96B7-B37AF1BD73DB}.Release|Any CPU.Build.0 = Release|Any CPU
		{306040AE-49BC-4E2E-B620-4C4785A62929}.Debug|Any CPU.ActiveCfg = Debug|Any CPU
		{306040AE-49BC-4E2E-B620-4C4785A62929}.Debug|Any CPU.Build.0 = Debug|Any CPU
		{306040AE-49BC-4E2E-B620-4C4785A62929}.Release|Any CPU.ActiveCfg = Release|Any CPU
		{306040AE-49BC-4E2E-B620-4C4785A62929}.Release|Any CPU.Build.0 = Release|Any CPU
		{9751C66F-F7DA-4FB4-9AE3-1930F7712C6F}.Debug|Any CPU.ActiveCfg = Debug|Any CPU
		{9751C66F-F7DA-4FB4-9AE3-1930F7712C6F}.Debug|Any CPU.Build.0 = Debug|Any CPU
		{9751C66F-F7DA-4FB4-9AE3-1930F7712C6F}.Release|Any CPU.ActiveCfg = Release|Any CPU
		{9751C66F-F7DA-4FB4-9AE3-1930F7712C6F}.Release|Any CPU.Build.0 = Release|Any CPU
	EndGlobalSection
	GlobalSection(SolutionProperties) = preSolution
		HideSolutionNode = FALSE
	EndGlobalSection
	GlobalSection(ExtensibilityGlobals) = postSolution
		SolutionGuid = {4FE48BCD-D79A-4D04-99E9-376E85CF6EBB}
	EndGlobalSection
EndGlobal
